
Microsoft Visual Studio Solution File, Format Version 12.00
# Visual Studio Version 16
VisualStudioVersion = 16.0.30907.101
MinimumVisualStudioVersion = 10.0.40219.1
Project("{9A19103F-16F7-4668-BE54-9A1E7A4F7556}") = "HospitalData", "HospitalData.csproj", "{6323CE7A-3BD3-4B4A-96CA-364AA3421B2F}"
EndProject
Project("{FAE04EC0-301F-11D3-BF4B-00C04F79EFBC}") = "HospitalManagement", "..\HospitalManagement\HospitalManagement.csproj", "{076C69E5-F520-439F-B2A8-998AA34F3CF9}"
EndProject
Global
	GlobalSection(SolutionConfigurationPlatforms) = preSolution
		Debug|Any CPU = Debug|Any CPU
		Release|Any CPU = Release|Any CPU
	EndGlobalSection
	GlobalSection(ProjectConfigurationPlatforms) = postSolution
		{6323CE7A-3BD3-4B4A-96CA-364AA3421B2F}.Debug|Any CPU.ActiveCfg = Debug|Any CPU
		{6323CE7A-3BD3-4B4A-96CA-364AA3421B2F}.Debug|Any CPU.Build.0 = Debug|Any CPU
		{6323CE7A-3BD3-4B4A-96CA-364AA3421B2F}.Release|Any CPU.ActiveCfg = Release|Any CPU
		{6323CE7A-3BD3-4B4A-96CA-364AA3421B2F}.Release|Any CPU.Build.0 = Release|Any CPU
		{076C69E5-F520-439F-B2A8-998AA34F3CF9}.Debug|Any CPU.ActiveCfg = Debug|Any CPU
		{076C69E5-F520-439F-B2A8-998AA34F3CF9}.Debug|Any CPU.Build.0 = Debug|Any CPU
		{076C69E5-F520-439F-B2A8-998AA34F3CF9}.Release|Any CPU.ActiveCfg = Release|Any CPU
		{076C69E5-F520-439F-B2A8-998AA34F3CF9}.Release|Any CPU.Build.0 = Release|Any CPU
	EndGlobalSection
	GlobalSection(SolutionProperties) = preSolution
		HideSolutionNode = FALSE
	EndGlobalSection
	GlobalSection(ExtensibilityGlobals) = postSolution
		SolutionGuid = {B5A9E053-AECE-4ED0-A15A-05F8A63748AE}
	EndGlobalSection
EndGlobal
